
Microsoft Visual Studio Solution File, Format Version 12.00
# Visual Studio Version 16
VisualStudioVersion = 16.0.30320.27
MinimumVisualStudioVersion = 10.0.40219.1
Project("{FAE04EC0-301F-11D3-BF4B-00C04F79EFBC}") = "Sports Store", "Sports Store\Sports Store.csproj", "{CCD8C7D2-84C9-43FB-B950-D4343E3271C9}"
EndProject
Global
	GlobalSection(SolutionConfigurationPlatforms) = preSolution
		Debug|Any CPU = Debug|Any CPU
		Release|Any CPU = Release|Any CPU
	EndGlobalSection
	GlobalSection(ProjectConfigurationPlatforms) = postSolution
		{CCD8C7D2-84C9-43FB-B950-D4343E3271C9}.Debug|Any CPU.ActiveCfg = Debug|Any CPU
		{CCD8C7D2-84C9-43FB-B950-D4343E3271C9}.Debug|Any CPU.Build.0 = Debug|Any CPU
		{CCD8C7D2-84C9-43FB-B950-D4343E3271C9}.Release|Any CPU.ActiveCfg = Release|Any CPU
		{CCD8C7D2-84C9-43FB-B950-D4343E3271C9}.Release|Any CPU.Build.0 = Release|Any CPU
	EndGlobalSection
	GlobalSection(SolutionProperties) = preSolution
		HideSolutionNode = FALSE
	EndGlobalSection
	GlobalSection(ExtensibilityGlobals) = postSolution
		SolutionGuid = {363B83B4-7558-49A2-942A-E32038444C5F}
	EndGlobalSection
EndGlobal
